
Microsoft Visual Studio Solution File, Format Version 12.00
# Visual Studio 15
VisualStudioVersion = 15.0.28307.572
MinimumVisualStudioVersion = 10.0.40219.1
Project("{FAE04EC0-301F-11D3-BF4B-00C04F79EFBC}") = "MyCoolWebServer", "MyCoolWebServer\MyCoolWebServer.csproj", "{01B71401-FD85-45CD-9574-977CE9206E04}"
EndProject
Global
	GlobalSection(SolutionConfigurationPlatforms) = preSolution
		Debug|Any CPU = Debug|Any CPU
		Release|Any CPU = Release|Any CPU
	EndGlobalSection
	GlobalSection(ProjectConfigurationPlatforms) = postSolution
		{01B71401-FD85-45CD-9574-977CE9206E04}.Debug|Any CPU.ActiveCfg = Debug|Any CPU
		{01B71401-FD85-45CD-9574-977CE9206E04}.Debug|Any CPU.Build.0 = Debug|Any CPU
		{01B71401-FD85-45CD-9574-977CE9206E04}.Release|Any CPU.ActiveCfg = Release|Any CPU
		{01B71401-FD85-45CD-9574-977CE9206E04}.Release|Any CPU.Build.0 = Release|Any CPU
	EndGlobalSection
	GlobalSection(SolutionProperties) = preSolution
		HideSolutionNode = FALSE
	EndGlobalSection
	GlobalSection(ExtensibilityGlobals) = postSolution
		SolutionGuid = {3F1C3219-68AB-4E5C-861D-F9597265C302}
	EndGlobalSection
EndGlobal
