
Microsoft Visual Studio Solution File, Format Version 12.00
# Visual Studio 15
VisualStudioVersion = 15.0.28307.329
MinimumVisualStudioVersion = 10.0.40219.1
Project("{FAE04EC0-301F-11D3-BF4B-00C04F79EFBC}") = "SocialNetwork.App", "SocialNetwork.App\SocialNetwork.App.csproj", "{5754E2FF-EBFF-4598-91CC-1F26BCD55E03}"
EndProject
Project("{FAE04EC0-301F-11D3-BF4B-00C04F79EFBC}") = "SocialNetwork.Data", "SocialNetwork.Data\SocialNetwork.Data.csproj", "{545333BC-C8CD-4D89-B185-3161A3B84BA1}"
EndProject
Project("{FAE04EC0-301F-11D3-BF4B-00C04F79EFBC}") = "SocialNetwork.Models", "SocialNetwork.Models\SocialNetwork.Models.csproj", "{F441333A-B47F-4FE2-8E35-AD70F52FEC9F}"
EndProject
Global
	GlobalSection(SolutionConfigurationPlatforms) = preSolution
		Debug|Any CPU = Debug|Any CPU
		Release|Any CPU = Release|Any CPU
	EndGlobalSection
	GlobalSection(ProjectConfigurationPlatforms) = postSolution
		{5754E2FF-EBFF-4598-91CC-1F26BCD55E03}.Debug|Any CPU.ActiveCfg = Debug|Any CPU
		{5754E2FF-EBFF-4598-91CC-1F26BCD55E03}.Debug|Any CPU.Build.0 = Debug|Any CPU
		{5754E2FF-EBFF-4598-91CC-1F26BCD55E03}.Release|Any CPU.ActiveCfg = Release|Any CPU
		{5754E2FF-EBFF-4598-91CC-1F26BCD55E03}.Release|Any CPU.Build.0 = Release|Any CPU
		{545333BC-C8CD-4D89-B185-3161A3B84BA1}.Debug|Any CPU.ActiveCfg = Debug|Any CPU
		{545333BC-C8CD-4D89-B185-3161A3B84BA1}.Debug|Any CPU.Build.0 = Debug|Any CPU
		{545333BC-C8CD-4D89-B185-3161A3B84BA1}.Release|Any CPU.ActiveCfg = Release|Any CPU
		{545333BC-C8CD-4D89-B185-3161A3B84BA1}.Release|Any CPU.Build.0 = Release|Any CPU
		{F441333A-B47F-4FE2-8E35-AD70F52FEC9F}.Debug|Any CPU.ActiveCfg = Debug|Any CPU
		{F441333A-B47F-4FE2-8E35-AD70F52FEC9F}.Debug|Any CPU.Build.0 = Debug|Any CPU
		{F441333A-B47F-4FE2-8E35-AD70F52FEC9F}.Release|Any CPU.ActiveCfg = Release|Any CPU
		{F441333A-B47F-4FE2-8E35-AD70F52FEC9F}.Release|Any CPU.Build.0 = Release|Any CPU
	EndGlobalSection
	GlobalSection(SolutionProperties) = preSolution
		HideSolutionNode = FALSE
	EndGlobalSection
	GlobalSection(ExtensibilityGlobals) = postSolution
		SolutionGuid = {42C6228F-8D01-431B-A0F8-F56AF9303AC6}
	EndGlobalSection
EndGlobal
