
Microsoft Visual Studio Solution File, Format Version 12.00
# Visual Studio Version 16
VisualStudioVersion = 16.0.29926.136
MinimumVisualStudioVersion = 10.0.40219.1
Project("{9A19103F-16F7-4668-BE54-9A1E7A4F7556}") = "Forum", "Forum.csproj", "{687D64D4-E29A-481F-99D2-8167469EDEFD}"
EndProject
Project("{9A19103F-16F7-4668-BE54-9A1E7A4F7556}") = "Forum.Services", "..\Blog.Services\Forum.Services.csproj", "{42B611AF-1AFB-4B54-9EFA-8E34131A279F}"
EndProject
Project("{9A19103F-16F7-4668-BE54-9A1E7A4F7556}") = "Forum.Data", "..\Blog.Data\Forum.Data.csproj", "{AEDC246C-3FED-4B9A-ACE9-D195C4525211}"
EndProject
Project("{2150E333-8FDC-42A3-9474-1A3956D46DE8}") = "Forum.Models", "Forum.Models", "{9AD99813-02EB-4C34-A726-2D2A9AFA8C24}"
EndProject
Project("{9A19103F-16F7-4668-BE54-9A1E7A4F7556}") = "Forum.InputModels", "..\Blog.InputModels\Forum.InputModels.csproj", "{856B04B1-A4CF-424E-B8A9-20FCCF94FC2E}"
EndProject
Project("{9A19103F-16F7-4668-BE54-9A1E7A4F7556}") = "Forum.ServiceModels", "..\Blog.ServiceModels\Forum.ServiceModels.csproj", "{BDC0D041-366D-4262-A913-3FAFB3847D6E}"
EndProject
Project("{9A19103F-16F7-4668-BE54-9A1E7A4F7556}") = "Forum.DataModels", "..\Blog.DataModels\Forum.DataModels.csproj", "{B7CA135D-2547-42F2-BB6F-A27BF8A2E4B3}"
EndProject
Project("{2150E333-8FDC-42A3-9474-1A3956D46DE8}") = "Forum.Common", "Forum.Common", "{76D232C3-3273-4162-8D60-AFDE2DFFD23C}"
EndProject
Project("{9A19103F-16F7-4668-BE54-9A1E7A4F7556}") = "Forum.Mapper", "..\Blog.Mapper\Forum.Mapper.csproj", "{40624802-9399-4139-B505-05748B57C640}"
EndProject
Project("{9A19103F-16F7-4668-BE54-9A1E7A4F7556}") = "Forum.ViewModels", "..\Blog.ViewModels\Forum.ViewModels.csproj", "{1B387627-E563-4792-BFAF-059F8E8BEAA5}"
EndProject
Global
	GlobalSection(SolutionConfigurationPlatforms) = preSolution
		Debug|Any CPU = Debug|Any CPU
		Release|Any CPU = Release|Any CPU
	EndGlobalSection
	GlobalSection(ProjectConfigurationPlatforms) = postSolution
		{687D64D4-E29A-481F-99D2-8167469EDEFD}.Debug|Any CPU.ActiveCfg = Debug|Any CPU
		{687D64D4-E29A-481F-99D2-8167469EDEFD}.Debug|Any CPU.Build.0 = Debug|Any CPU
		{687D64D4-E29A-481F-99D2-8167469EDEFD}.Release|Any CPU.ActiveCfg = Release|Any CPU
		{687D64D4-E29A-481F-99D2-8167469EDEFD}.Release|Any CPU.Build.0 = Release|Any CPU
		{42B611AF-1AFB-4B54-9EFA-8E34131A279F}.Debug|Any CPU.ActiveCfg = Debug|Any CPU
		{42B611AF-1AFB-4B54-9EFA-8E34131A279F}.Debug|Any CPU.Build.0 = Debug|Any CPU
		{42B611AF-1AFB-4B54-9EFA-8E34131A279F}.Release|Any CPU.ActiveCfg = Release|Any CPU
		{42B611AF-1AFB-4B54-9EFA-8E34131A279F}.Release|Any CPU.Build.0 = Release|Any CPU
		{AEDC246C-3FED-4B9A-ACE9-D195C4525211}.Debug|Any CPU.ActiveCfg = Debug|Any CPU
		{AEDC246C-3FED-4B9A-ACE9-D195C4525211}.Debug|Any CPU.Build.0 = Debug|Any CPU
		{AEDC246C-3FED-4B9A-ACE9-D195C4525211}.Release|Any CPU.ActiveCfg = Release|Any CPU
		{AEDC246C-3FED-4B9A-ACE9-D195C4525211}.Release|Any CPU.Build.0 = Release|Any CPU
		{856B04B1-A4CF-424E-B8A9-20FCCF94FC2E}.Debug|Any CPU.ActiveCfg = Debug|Any CPU
		{856B04B1-A4CF-424E-B8A9-20FCCF94FC2E}.Debug|Any CPU.Build.0 = Debug|Any CPU
		{856B04B1-A4CF-424E-B8A9-20FCCF94FC2E}.Release|Any CPU.ActiveCfg = Release|Any CPU
		{856B04B1-A4CF-424E-B8A9-20FCCF94FC2E}.Release|Any CPU.Build.0 = Release|Any CPU
		{BDC0D041-366D-4262-A913-3FAFB3847D6E}.Debug|Any CPU.ActiveCfg = Debug|Any CPU
		{BDC0D041-366D-4262-A913-3FAFB3847D6E}.Debug|Any CPU.Build.0 = Debug|Any CPU
		{BDC0D041-366D-4262-A913-3FAFB3847D6E}.Release|Any CPU.ActiveCfg = Release|Any CPU
		{BDC0D041-366D-4262-A913-3FAFB3847D6E}.Release|Any CPU.Build.0 = Release|Any CPU
		{B7CA135D-2547-42F2-BB6F-A27BF8A2E4B3}.Debug|Any CPU.ActiveCfg = Debug|Any CPU
		{B7CA135D-2547-42F2-BB6F-A27BF8A2E4B3}.Debug|Any CPU.Build.0 = Debug|Any CPU
		{B7CA135D-2547-42F2-BB6F-A27BF8A2E4B3}.Release|Any CPU.ActiveCfg = Release|Any CPU
		{B7CA135D-2547-42F2-BB6F-A27BF8A2E4B3}.Release|Any CPU.Build.0 = Release|Any CPU
		{40624802-9399-4139-B505-05748B57C640}.Debug|Any CPU.ActiveCfg = Debug|Any CPU
		{40624802-9399-4139-B505-05748B57C640}.Debug|Any CPU.Build.0 = Debug|Any CPU
		{40624802-9399-4139-B505-05748B57C640}.Release|Any CPU.ActiveCfg = Release|Any CPU
		{40624802-9399-4139-B505-05748B57C640}.Release|Any CPU.Build.0 = Release|Any CPU
		{1B387627-E563-4792-BFAF-059F8E8BEAA5}.Debug|Any CPU.ActiveCfg = Debug|Any CPU
		{1B387627-E563-4792-BFAF-059F8E8BEAA5}.Debug|Any CPU.Build.0 = Debug|Any CPU
		{1B387627-E563-4792-BFAF-059F8E8BEAA5}.Release|Any CPU.ActiveCfg = Release|Any CPU
		{1B387627-E563-4792-BFAF-059F8E8BEAA5}.Release|Any CPU.Build.0 = Release|Any CPU
	EndGlobalSection
	GlobalSection(SolutionProperties) = preSolution
		HideSolutionNode = FALSE
	EndGlobalSection
	GlobalSection(NestedProjects) = preSolution
		{856B04B1-A4CF-424E-B8A9-20FCCF94FC2E} = {9AD99813-02EB-4C34-A726-2D2A9AFA8C24}
		{BDC0D041-366D-4262-A913-3FAFB3847D6E} = {9AD99813-02EB-4C34-A726-2D2A9AFA8C24}
		{B7CA135D-2547-42F2-BB6F-A27BF8A2E4B3} = {9AD99813-02EB-4C34-A726-2D2A9AFA8C24}
		{40624802-9399-4139-B505-05748B57C640} = {76D232C3-3273-4162-8D60-AFDE2DFFD23C}
		{1B387627-E563-4792-BFAF-059F8E8BEAA5} = {9AD99813-02EB-4C34-A726-2D2A9AFA8C24}
	EndGlobalSection
	GlobalSection(ExtensibilityGlobals) = postSolution
		SolutionGuid = {ED1DA7FA-FF0F-47EC-BF17-B311E34B352B}
	EndGlobalSection
EndGlobal
